// !$*UTF8*$!
{
	archiveVersion = 1;
	classes = {
	};
	objectVersion = 56;
	objects = {

/* Begin PBXBuildFile section */
		8E2A0E7129191C890012A464 /* ProfileTests.swift in Sources */ = {isa = PBXBuildFile; fileRef = 8E2A0E7029191C890012A464 /* ProfileTests.swift */; };
		8E2A0E7329191DCF0012A464 /* AccountTests.swift in Sources */ = {isa = PBXBuildFile; fileRef = 8E2A0E7229191DCF0012A464 /* AccountTests.swift */; };
		8E2A0E7529192C710012A464 /* SkeletonLoadable.swift in Sources */ = {isa = PBXBuildFile; fileRef = 8E2A0E7429192C710012A464 /* SkeletonLoadable.swift */; };
		8E2A0E7729192DB40012A464 /* SkeletonCell.swift in Sources */ = {isa = PBXBuildFile; fileRef = 8E2A0E7629192DB40012A464 /* SkeletonCell.swift */; };
		8E3190D8291246E000D9BBE3 /* CurrencyFormatterTests.swift in Sources */ = {isa = PBXBuildFile; fileRef = 8E3190D7291246E000D9BBE3 /* CurrencyFormatterTests.swift */; };
		8E6E799329128E9B0084AD13 /* NSNotificationName.swift in Sources */ = {isa = PBXBuildFile; fileRef = 8E6E799229128E9A0084AD13 /* NSNotificationName.swift */; };
		8E6E79952912915A0084AD13 /* UITextField+SecureToggle.swift in Sources */ = {isa = PBXBuildFile; fileRef = 8E6E79942912915A0084AD13 /* UITextField+SecureToggle.swift */; };
		8E6E79982912D51D0084AD13 /* ShakeyBellView.swift in Sources */ = {isa = PBXBuildFile; fileRef = 8E6E79972912D51D0084AD13 /* ShakeyBellView.swift */; };
		8E6E799A2912EAF20084AD13 /* Date+Utils.swift in Sources */ = {isa = PBXBuildFile; fileRef = 8E6E79992912EAF20084AD13 /* Date+Utils.swift */; };
		8E6E799C2912EC070084AD13 /* AccountSummaryViewController+Networking.swift in Sources */ = {isa = PBXBuildFile; fileRef = 8E6E799B2912EC070084AD13 /* AccountSummaryViewController+Networking.swift */; };
		8E8A2CAF2910306C00E0A08C /* AccountSummaryCell.swift in Sources */ = {isa = PBXBuildFile; fileRef = 8E8A2CAE2910306C00E0A08C /* AccountSummaryCell.swift */; };
		8E8A2CB1291059C600E0A08C /* DecimalUtils.swift in Sources */ = {isa = PBXBuildFile; fileRef = 8E8A2CB0291059C600E0A08C /* DecimalUtils.swift */; };
		8E8A2CB329105A4500E0A08C /* CurrencyFormatter.swift in Sources */ = {isa = PBXBuildFile; fileRef = 8E8A2CB229105A4500E0A08C /* CurrencyFormatter.swift */; };
		8E93344F29092A9B00725538 /* DummyViewController.swift in Sources */ = {isa = PBXBuildFile; fileRef = 8E93344E29092A9B00725538 /* DummyViewController.swift */; };
		8E9334522909323700725538 /* LocalState.swift in Sources */ = {isa = PBXBuildFile; fileRef = 8E9334512909323700725538 /* LocalState.swift */; };
		8E93345429093A1000725538 /* UIViewController+Utils.swift in Sources */ = {isa = PBXBuildFile; fileRef = 8E93345329093A1000725538 /* UIViewController+Utils.swift */; };
		8E93345629093BD700725538 /* MainViewController.swift in Sources */ = {isa = PBXBuildFile; fileRef = 8E93345529093BD700725538 /* MainViewController.swift */; };
		8EA7EBAC28FF273800B194F1 /* OnboardingContainerViewController.swift in Sources */ = {isa = PBXBuildFile; fileRef = 8EA7EBAB28FF273800B194F1 /* OnboardingContainerViewController.swift */; };
		8ECEC30C28FFD5E0001597FE /* OnboardingViewController.swift in Sources */ = {isa = PBXBuildFile; fileRef = 8ECEC30B28FFD5E0001597FE /* OnboardingViewController.swift */; };
		8EDA165528FDC037009CFFC0 /* AppDelegate.swift in Sources */ = {isa = PBXBuildFile; fileRef = 8EDA165428FDC037009CFFC0 /* AppDelegate.swift */; };
		8EDA165928FDC037009CFFC0 /* LoginViewController.swift in Sources */ = {isa = PBXBuildFile; fileRef = 8EDA165828FDC037009CFFC0 /* LoginViewController.swift */; };
		8EDA165E28FDC038009CFFC0 /* Assets.xcassets in Resources */ = {isa = PBXBuildFile; fileRef = 8EDA165D28FDC038009CFFC0 /* Assets.xcassets */; };
		8EDA166128FDC038009CFFC0 /* LaunchScreen.storyboard in Resources */ = {isa = PBXBuildFile; fileRef = 8EDA165F28FDC038009CFFC0 /* LaunchScreen.storyboard */; };
		8EDA166D28FDCBC5009CFFC0 /* LoginView.swift in Sources */ = {isa = PBXBuildFile; fileRef = 8EDA166C28FDCBC5009CFFC0 /* LoginView.swift */; };
		8EF57FE62909519900257837 /* AccountSummaryViewController.swift in Sources */ = {isa = PBXBuildFile; fileRef = 8EF57FE52909519900257837 /* AccountSummaryViewController.swift */; };
		8EF57FE8290956BD00257837 /* AccountSummaryHeaderView.swift in Sources */ = {isa = PBXBuildFile; fileRef = 8EF57FE7290956BD00257837 /* AccountSummaryHeaderView.swift */; };
		8EF57FEA2909573400257837 /* AccountSummaryHeaderView.xib in Resources */ = {isa = PBXBuildFile; fileRef = 8EF57FE92909573400257837 /* AccountSummaryHeaderView.xib */; };
/* End PBXBuildFile section */

/* Begin PBXContainerItemProxy section */
		8EB69097291245C9000C6C4D /* PBXContainerItemProxy */ = {
			isa = PBXContainerItemProxy;
			containerPortal = 8EDA164928FDC037009CFFC0 /* Project object */;
			proxyType = 1;
			remoteGlobalIDString = 8EDA165028FDC037009CFFC0;
			remoteInfo = Bankey;
		};
/* End PBXContainerItemProxy section */

/* Begin PBXFileReference section */
		8E2A0E7029191C890012A464 /* ProfileTests.swift */ = {isa = PBXFileReference; lastKnownFileType = sourcecode.swift; path = ProfileTests.swift; sourceTree = "<group>"; };
		8E2A0E7229191DCF0012A464 /* AccountTests.swift */ = {isa = PBXFileReference; lastKnownFileType = sourcecode.swift; path = AccountTests.swift; sourceTree = "<group>"; };
		8E2A0E7429192C710012A464 /* SkeletonLoadable.swift */ = {isa = PBXFileReference; lastKnownFileType = sourcecode.swift; path = SkeletonLoadable.swift; sourceTree = "<group>"; };
		8E2A0E7629192DB40012A464 /* SkeletonCell.swift */ = {isa = PBXFileReference; lastKnownFileType = sourcecode.swift; path = SkeletonCell.swift; sourceTree = "<group>"; };
		8E3190D7291246E000D9BBE3 /* CurrencyFormatterTests.swift */ = {isa = PBXFileReference; lastKnownFileType = sourcecode.swift; path = CurrencyFormatterTests.swift; sourceTree = "<group>"; };
		8E6E799229128E9A0084AD13 /* NSNotificationName.swift */ = {isa = PBXFileReference; lastKnownFileType = sourcecode.swift; path = NSNotificationName.swift; sourceTree = "<group>"; };
		8E6E79942912915A0084AD13 /* UITextField+SecureToggle.swift */ = {isa = PBXFileReference; lastKnownFileType = sourcecode.swift; path = "UITextField+SecureToggle.swift"; sourceTree = "<group>"; };
		8E6E79972912D51D0084AD13 /* ShakeyBellView.swift */ = {isa = PBXFileReference; lastKnownFileType = sourcecode.swift; path = ShakeyBellView.swift; sourceTree = "<group>"; };
		8E6E79992912EAF20084AD13 /* Date+Utils.swift */ = {isa = PBXFileReference; lastKnownFileType = sourcecode.swift; path = "Date+Utils.swift"; sourceTree = "<group>"; };
		8E6E799B2912EC070084AD13 /* AccountSummaryViewController+Networking.swift */ = {isa = PBXFileReference; lastKnownFileType = sourcecode.swift; path = "AccountSummaryViewController+Networking.swift"; sourceTree = "<group>"; };
		8E8A2CAE2910306C00E0A08C /* AccountSummaryCell.swift */ = {isa = PBXFileReference; lastKnownFileType = sourcecode.swift; path = AccountSummaryCell.swift; sourceTree = "<group>"; };
		8E8A2CB0291059C600E0A08C /* DecimalUtils.swift */ = {isa = PBXFileReference; lastKnownFileType = sourcecode.swift; path = DecimalUtils.swift; sourceTree = "<group>"; };
		8E8A2CB229105A4500E0A08C /* CurrencyFormatter.swift */ = {isa = PBXFileReference; lastKnownFileType = sourcecode.swift; path = CurrencyFormatter.swift; sourceTree = "<group>"; };
		8E93344E29092A9B00725538 /* DummyViewController.swift */ = {isa = PBXFileReference; lastKnownFileType = sourcecode.swift; path = DummyViewController.swift; sourceTree = "<group>"; };
		8E9334512909323700725538 /* LocalState.swift */ = {isa = PBXFileReference; lastKnownFileType = sourcecode.swift; path = LocalState.swift; sourceTree = "<group>"; };
		8E93345329093A1000725538 /* UIViewController+Utils.swift */ = {isa = PBXFileReference; lastKnownFileType = sourcecode.swift; path = "UIViewController+Utils.swift"; sourceTree = "<group>"; };
		8E93345529093BD700725538 /* MainViewController.swift */ = {isa = PBXFileReference; lastKnownFileType = sourcecode.swift; path = MainViewController.swift; sourceTree = "<group>"; };
		8EA7EBAB28FF273800B194F1 /* OnboardingContainerViewController.swift */ = {isa = PBXFileReference; lastKnownFileType = sourcecode.swift; path = OnboardingContainerViewController.swift; sourceTree = "<group>"; };
		8EB69093291245C9000C6C4D /* BankeyUnitTests.xctest */ = {isa = PBXFileReference; explicitFileType = wrapper.cfbundle; includeInIndex = 0; path = BankeyUnitTests.xctest; sourceTree = BUILT_PRODUCTS_DIR; };
		8ECEC30B28FFD5E0001597FE /* OnboardingViewController.swift */ = {isa = PBXFileReference; lastKnownFileType = sourcecode.swift; path = OnboardingViewController.swift; sourceTree = "<group>"; };
		8EDA165128FDC037009CFFC0 /* Bankey.app */ = {isa = PBXFileReference; explicitFileType = wrapper.application; includeInIndex = 0; path = Bankey.app; sourceTree = BUILT_PRODUCTS_DIR; };
		8EDA165428FDC037009CFFC0 /* AppDelegate.swift */ = {isa = PBXFileReference; lastKnownFileType = sourcecode.swift; path = AppDelegate.swift; sourceTree = "<group>"; };
		8EDA165828FDC037009CFFC0 /* LoginViewController.swift */ = {isa = PBXFileReference; lastKnownFileType = sourcecode.swift; path = LoginViewController.swift; sourceTree = "<group>"; };
		8EDA165D28FDC038009CFFC0 /* Assets.xcassets */ = {isa = PBXFileReference; lastKnownFileType = folder.assetcatalog; path = Assets.xcassets; sourceTree = "<group>"; };
		8EDA166028FDC038009CFFC0 /* Base */ = {isa = PBXFileReference; lastKnownFileType = file.storyboard; name = Base; path = Base.lproj/LaunchScreen.storyboard; sourceTree = "<group>"; };
		8EDA166228FDC038009CFFC0 /* Info.plist */ = {isa = PBXFileReference; lastKnownFileType = text.plist.xml; path = Info.plist; sourceTree = "<group>"; };
		8EDA166C28FDCBC5009CFFC0 /* LoginView.swift */ = {isa = PBXFileReference; lastKnownFileType = sourcecode.swift; path = LoginView.swift; sourceTree = "<group>"; };
		8EF57FE52909519900257837 /* AccountSummaryViewController.swift */ = {isa = PBXFileReference; lastKnownFileType = sourcecode.swift; path = AccountSummaryViewController.swift; sourceTree = "<group>"; };
		8EF57FE7290956BD00257837 /* AccountSummaryHeaderView.swift */ = {isa = PBXFileReference; lastKnownFileType = sourcecode.swift; path = AccountSummaryHeaderView.swift; sourceTree = "<group>"; };
		8EF57FE92909573400257837 /* AccountSummaryHeaderView.xib */ = {isa = PBXFileReference; lastKnownFileType = file.xib; path = AccountSummaryHeaderView.xib; sourceTree = "<group>"; };
/* End PBXFileReference section */

/* Begin PBXFrameworksBuildPhase section */
		8EB69090291245C9000C6C4D /* Frameworks */ = {
			isa = PBXFrameworksBuildPhase;
			buildActionMask = 2147483647;
			files = (
			);
			runOnlyForDeploymentPostprocessing = 0;
		};
		8EDA164E28FDC037009CFFC0 /* Frameworks */ = {
			isa = PBXFrameworksBuildPhase;
			buildActionMask = 2147483647;
			files = (
			);
			runOnlyForDeploymentPostprocessing = 0;
		};
/* End PBXFrameworksBuildPhase section */

/* Begin PBXGroup section */
		8E2A0E6E29191C3A0012A464 /* Utils */ = {
			isa = PBXGroup;
			children = (
				8E3190D7291246E000D9BBE3 /* CurrencyFormatterTests.swift */,
			);
			path = Utils;
			sourceTree = "<group>";
		};
		8E2A0E6F29191C4D0012A464 /* AccountSummary */ = {
			isa = PBXGroup;
			children = (
				8E2A0E7029191C890012A464 /* ProfileTests.swift */,
				8E2A0E7229191DCF0012A464 /* AccountTests.swift */,
			);
			path = AccountSummary;
			sourceTree = "<group>";
		};
		8E6E79962912D4E00084AD13 /* Components */ = {
			isa = PBXGroup;
			children = (
				8E6E79972912D51D0084AD13 /* ShakeyBellView.swift */,
			);
			path = Components;
			sourceTree = "<group>";
		};
		8E8A2CAC29102E5300E0A08C /* Header */ = {
			isa = PBXGroup;
			children = (
				8EF57FE7290956BD00257837 /* AccountSummaryHeaderView.swift */,
				8EF57FE92909573400257837 /* AccountSummaryHeaderView.xib */,
			);
			path = Header;
			sourceTree = "<group>";
		};
		8E8A2CAD29102EF200E0A08C /* Cells */ = {
			isa = PBXGroup;
			children = (
				8E8A2CAE2910306C00E0A08C /* AccountSummaryCell.swift */,
				8E2A0E7429192C710012A464 /* SkeletonLoadable.swift */,
				8E2A0E7629192DB40012A464 /* SkeletonCell.swift */,
			);
			path = Cells;
			sourceTree = "<group>";
		};
		8E9334502909321D00725538 /* Utils */ = {
			isa = PBXGroup;
			children = (
				8E9334512909323700725538 /* LocalState.swift */,
				8E93345329093A1000725538 /* UIViewController+Utils.swift */,
				8E8A2CB0291059C600E0A08C /* DecimalUtils.swift */,
				8E8A2CB229105A4500E0A08C /* CurrencyFormatter.swift */,
				8E6E799229128E9A0084AD13 /* NSNotificationName.swift */,
				8E6E79942912915A0084AD13 /* UITextField+SecureToggle.swift */,
				8E6E79992912EAF20084AD13 /* Date+Utils.swift */,
			);
			path = Utils;
			sourceTree = "<group>";
		};
		8EA7EBAA28FF268500B194F1 /* Onboarding */ = {
			isa = PBXGroup;
			children = (
				8EA7EBAB28FF273800B194F1 /* OnboardingContainerViewController.swift */,
				8ECEC30B28FFD5E0001597FE /* OnboardingViewController.swift */,
			);
			path = Onboarding;
			sourceTree = "<group>";
		};
		8EB69094291245C9000C6C4D /* BankeyUnitTests */ = {
			isa = PBXGroup;
			children = (
				8E2A0E6F29191C4D0012A464 /* AccountSummary */,
				8E2A0E6E29191C3A0012A464 /* Utils */,
			);
			path = BankeyUnitTests;
			sourceTree = "<group>";
		};
		8EDA164828FDC037009CFFC0 = {
			isa = PBXGroup;
			children = (
				8EDA165328FDC037009CFFC0 /* Bankey */,
				8EB69094291245C9000C6C4D /* BankeyUnitTests */,
				8EDA165228FDC037009CFFC0 /* Products */,
			);
			sourceTree = "<group>";
		};
		8EDA165228FDC037009CFFC0 /* Products */ = {
			isa = PBXGroup;
			children = (
				8EDA165128FDC037009CFFC0 /* Bankey.app */,
				8EB69093291245C9000C6C4D /* BankeyUnitTests.xctest */,
			);
			name = Products;
			sourceTree = "<group>";
		};
		8EDA165328FDC037009CFFC0 /* Bankey */ = {
			isa = PBXGroup;
			children = (
				8EDA165428FDC037009CFFC0 /* AppDelegate.swift */,
				8E93345529093BD700725538 /* MainViewController.swift */,
				8EDA166B28FDCB73009CFFC0 /* Login */,
				8EA7EBAA28FF268500B194F1 /* Onboarding */,
				8EF57FE42909514600257837 /* AccountSummary */,
				8E9334502909321D00725538 /* Utils */,
				8E6E79962912D4E00084AD13 /* Components */,
				8EDA166828FDCAEF009CFFC0 /* Files */,
			);
			path = Bankey;
			sourceTree = "<group>";
		};
		8EDA166828FDCAEF009CFFC0 /* Files */ = {
			isa = PBXGroup;
			children = (
				8EDA165D28FDC038009CFFC0 /* Assets.xcassets */,
				8EDA165F28FDC038009CFFC0 /* LaunchScreen.storyboard */,
				8EDA166228FDC038009CFFC0 /* Info.plist */,
			);
			name = Files;
			sourceTree = "<group>";
		};
		8EDA166B28FDCB73009CFFC0 /* Login */ = {
			isa = PBXGroup;
			children = (
				8EDA165828FDC037009CFFC0 /* LoginViewController.swift */,
				8EDA166C28FDCBC5009CFFC0 /* LoginView.swift */,
				8E93344E29092A9B00725538 /* DummyViewController.swift */,
			);
			path = Login;
			sourceTree = "<group>";
		};
		8EF57FE42909514600257837 /* AccountSummary */ = {
			isa = PBXGroup;
			children = (
				8EF57FE52909519900257837 /* AccountSummaryViewController.swift */,
				8E6E799B2912EC070084AD13 /* AccountSummaryViewController+Networking.swift */,
				8E8A2CAC29102E5300E0A08C /* Header */,
				8E8A2CAD29102EF200E0A08C /* Cells */,
			);
			path = AccountSummary;
			sourceTree = "<group>";
		};
/* End PBXGroup section */

/* Begin PBXNativeTarget section */
		8EB69092291245C9000C6C4D /* BankeyUnitTests */ = {
			isa = PBXNativeTarget;
			buildConfigurationList = 8EB6909B291245C9000C6C4D /* Build configuration list for PBXNativeTarget "BankeyUnitTests" */;
			buildPhases = (
				8EB6908F291245C9000C6C4D /* Sources */,
				8EB69090291245C9000C6C4D /* Frameworks */,
				8EB69091291245C9000C6C4D /* Resources */,
			);
			buildRules = (
			);
			dependencies = (
				8EB69098291245C9000C6C4D /* PBXTargetDependency */,
			);
			name = BankeyUnitTests;
			productName = BankeyUnitTests;
			productReference = 8EB69093291245C9000C6C4D /* BankeyUnitTests.xctest */;
			productType = "com.apple.product-type.bundle.unit-test";
		};
		8EDA165028FDC037009CFFC0 /* Bankey */ = {
			isa = PBXNativeTarget;
			buildConfigurationList = 8EDA166528FDC038009CFFC0 /* Build configuration list for PBXNativeTarget "Bankey" */;
			buildPhases = (
				8EDA164D28FDC037009CFFC0 /* Sources */,
				8EDA164E28FDC037009CFFC0 /* Frameworks */,
				8EDA164F28FDC037009CFFC0 /* Resources */,
			);
			buildRules = (
			);
			dependencies = (
			);
			name = Bankey;
			productName = Bankey;
			productReference = 8EDA165128FDC037009CFFC0 /* Bankey.app */;
			productType = "com.apple.product-type.application";
		};
/* End PBXNativeTarget section */

/* Begin PBXProject section */
		8EDA164928FDC037009CFFC0 /* Project object */ = {
			isa = PBXProject;
			attributes = {
				BuildIndependentTargetsInParallel = 1;
				LastSwiftUpdateCheck = 1400;
				LastUpgradeCheck = 1400;
				TargetAttributes = {
					8EB69092291245C9000C6C4D = {
						CreatedOnToolsVersion = 14.0.1;
						LastSwiftMigration = 1400;
						TestTargetID = 8EDA165028FDC037009CFFC0;
					};
					8EDA165028FDC037009CFFC0 = {
						CreatedOnToolsVersion = 14.0.1;
					};
				};
			};
			buildConfigurationList = 8EDA164C28FDC037009CFFC0 /* Build configuration list for PBXProject "Bankey" */;
			compatibilityVersion = "Xcode 14.0";
			developmentRegion = en;
			hasScannedForEncodings = 0;
			knownRegions = (
				en,
				Base,
			);
			mainGroup = 8EDA164828FDC037009CFFC0;
			productRefGroup = 8EDA165228FDC037009CFFC0 /* Products */;
			projectDirPath = "";
			projectRoot = "";
			targets = (
				8EDA165028FDC037009CFFC0 /* Bankey */,
				8EB69092291245C9000C6C4D /* BankeyUnitTests */,
			);
		};
/* End PBXProject section */

/* Begin PBXResourcesBuildPhase section */
		8EB69091291245C9000C6C4D /* Resources */ = {
			isa = PBXResourcesBuildPhase;
			buildActionMask = 2147483647;
			files = (
			);
			runOnlyForDeploymentPostprocessing = 0;
		};
		8EDA164F28FDC037009CFFC0 /* Resources */ = {
			isa = PBXResourcesBuildPhase;
			buildActionMask = 2147483647;
			files = (
				8EDA166128FDC038009CFFC0 /* LaunchScreen.storyboard in Resources */,
				8EF57FEA2909573400257837 /* AccountSummaryHeaderView.xib in Resources */,
				8EDA165E28FDC038009CFFC0 /* Assets.xcassets in Resources */,
			);
			runOnlyForDeploymentPostprocessing = 0;
		};
/* End PBXResourcesBuildPhase section */

/* Begin PBXSourcesBuildPhase section */
		8EB6908F291245C9000C6C4D /* Sources */ = {
			isa = PBXSourcesBuildPhase;
			buildActionMask = 2147483647;
			files = (
				8E3190D8291246E000D9BBE3 /* CurrencyFormatterTests.swift in Sources */,
				8E2A0E7329191DCF0012A464 /* AccountTests.swift in Sources */,
				8E2A0E7129191C890012A464 /* ProfileTests.swift in Sources */,
			);
			runOnlyForDeploymentPostprocessing = 0;
		};
		8EDA164D28FDC037009CFFC0 /* Sources */ = {
			isa = PBXSourcesBuildPhase;
			buildActionMask = 2147483647;
			files = (
				8E93345429093A1000725538 /* UIViewController+Utils.swift in Sources */,
				8E2A0E7729192DB40012A464 /* SkeletonCell.swift in Sources */,
				8E6E799A2912EAF20084AD13 /* Date+Utils.swift in Sources */,
				8EDA166D28FDCBC5009CFFC0 /* LoginView.swift in Sources */,
				8E9334522909323700725538 /* LocalState.swift in Sources */,
				8EF57FE8290956BD00257837 /* AccountSummaryHeaderView.swift in Sources */,
				8E6E79952912915A0084AD13 /* UITextField+SecureToggle.swift in Sources */,
				8E93344F29092A9B00725538 /* DummyViewController.swift in Sources */,
				8E8A2CB329105A4500E0A08C /* CurrencyFormatter.swift in Sources */,
				8E8A2CB1291059C600E0A08C /* DecimalUtils.swift in Sources */,
				8E6E799329128E9B0084AD13 /* NSNotificationName.swift in Sources */,
				8EDA165928FDC037009CFFC0 /* LoginViewController.swift in Sources */,
				8E6E79982912D51D0084AD13 /* ShakeyBellView.swift in Sources */,
				8E8A2CAF2910306C00E0A08C /* AccountSummaryCell.swift in Sources */,
				8ECEC30C28FFD5E0001597FE /* OnboardingViewController.swift in Sources */,
				8E93345629093BD700725538 /* MainViewController.swift in Sources */,
				8EF57FE62909519900257837 /* AccountSummaryViewController.swift in Sources */,
				8EDA165528FDC037009CFFC0 /* AppDelegate.swift in Sources */,
				8EA7EBAC28FF273800B194F1 /* OnboardingContainerViewController.swift in Sources */,
				8E2A0E7529192C710012A464 /* SkeletonLoadable.swift in Sources */,
				8E6E799C2912EC070084AD13 /* AccountSummaryViewController+Networking.swift in Sources */,
			);
			runOnlyForDeploymentPostprocessing = 0;
		};
/* End PBXSourcesBuildPhase section */

/* Begin PBXTargetDependency section */
		8EB69098291245C9000C6C4D /* PBXTargetDependency */ = {
			isa = PBXTargetDependency;
			target = 8EDA165028FDC037009CFFC0 /* Bankey */;
			targetProxy = 8EB69097291245C9000C6C4D /* PBXContainerItemProxy */;
		};
/* End PBXTargetDependency section */

/* Begin PBXVariantGroup section */
		8EDA165F28FDC038009CFFC0 /* LaunchScreen.storyboard */ = {
			isa = PBXVariantGroup;
			children = (
				8EDA166028FDC038009CFFC0 /* Base */,
			);
			name = LaunchScreen.storyboard;
			sourceTree = "<group>";
		};
/* End PBXVariantGroup section */

/* Begin XCBuildConfiguration section */
		8EB69099291245C9000C6C4D /* Debug */ = {
			isa = XCBuildConfiguration;
			buildSettings = {
				BUNDLE_LOADER = "$(TEST_HOST)";
				CLANG_ENABLE_MODULES = YES;
				CODE_SIGN_STYLE = Automatic;
				CURRENT_PROJECT_VERSION = 1;
				DEVELOPMENT_TEAM = 8V9373J59J;
				GENERATE_INFOPLIST_FILE = YES;
				LD_RUNPATH_SEARCH_PATHS = (
					"$(inherited)",
					"@executable_path/Frameworks",
					"@loader_path/Frameworks",
				);
				MARKETING_VERSION = 1.0;
				PRODUCT_BUNDLE_IDENTIFIER = com.odl.BankeyUnitTests;
				PRODUCT_NAME = "$(TARGET_NAME)";
				SWIFT_EMIT_LOC_STRINGS = NO;
				SWIFT_OPTIMIZATION_LEVEL = "-Onone";
				SWIFT_VERSION = 5.0;
				TARGETED_DEVICE_FAMILY = "1,2";
				TEST_HOST = "$(BUILT_PRODUCTS_DIR)/Bankey.app/$(BUNDLE_EXECUTABLE_FOLDER_PATH)/Bankey";
			};
			name = Debug;
		};
		8EB6909A291245C9000C6C4D /* Release */ = {
			isa = XCBuildConfiguration;
			buildSettings = {
				BUNDLE_LOADER = "$(TEST_HOST)";
				CLANG_ENABLE_MODULES = YES;
				CODE_SIGN_STYLE = Automatic;
				CURRENT_PROJECT_VERSION = 1;
				DEVELOPMENT_TEAM = 8V9373J59J;
				GENERATE_INFOPLIST_FILE = YES;
				LD_RUNPATH_SEARCH_PATHS = (
					"$(inherited)",
					"@executable_path/Frameworks",
					"@loader_path/Frameworks",
				);
				MARKETING_VERSION = 1.0;
				PRODUCT_BUNDLE_IDENTIFIER = com.odl.BankeyUnitTests;
				PRODUCT_NAME = "$(TARGET_NAME)";
				SWIFT_EMIT_LOC_STRINGS = NO;
				SWIFT_VERSION = 5.0;
				TARGETED_DEVICE_FAMILY = "1,2";
				TEST_HOST = "$(BUILT_PRODUCTS_DIR)/Bankey.app/$(BUNDLE_EXECUTABLE_FOLDER_PATH)/Bankey";
			};
			name = Release;
		};
		8EDA166328FDC038009CFFC0 /* Debug */ = {
			isa = XCBuildConfiguration;
			buildSettings = {
				ALWAYS_SEARCH_USER_PATHS = NO;
				CLANG_ANALYZER_NONNULL = YES;
				CLANG_ANALYZER_NUMBER_OBJECT_CONVERSION = YES_AGGRESSIVE;
				CLANG_CXX_LANGUAGE_STANDARD = "gnu++20";
				CLANG_ENABLE_MODULES = YES;
				CLANG_ENABLE_OBJC_ARC = YES;
				CLANG_ENABLE_OBJC_WEAK = YES;
				CLANG_WARN_BLOCK_CAPTURE_AUTORELEASING = YES;
				CLANG_WARN_BOOL_CONVERSION = YES;
				CLANG_WARN_COMMA = YES;
				CLANG_WARN_CONSTANT_CONVERSION = YES;
				CLANG_WARN_DEPRECATED_OBJC_IMPLEMENTATIONS = YES;
				CLANG_WARN_DIRECT_OBJC_ISA_USAGE = YES_ERROR;
				CLANG_WARN_DOCUMENTATION_COMMENTS = YES;
				CLANG_WARN_EMPTY_BODY = YES;
				CLANG_WARN_ENUM_CONVERSION = YES;
				CLANG_WARN_INFINITE_RECURSION = YES;
				CLANG_WARN_INT_CONVERSION = YES;
				CLANG_WARN_NON_LITERAL_NULL_CONVERSION = YES;
				CLANG_WARN_OBJC_IMPLICIT_RETAIN_SELF = YES;
				CLANG_WARN_OBJC_LITERAL_CONVERSION = YES;
				CLANG_WARN_OBJC_ROOT_CLASS = YES_ERROR;
				CLANG_WARN_QUOTED_INCLUDE_IN_FRAMEWORK_HEADER = YES;
				CLANG_WARN_RANGE_LOOP_ANALYSIS = YES;
				CLANG_WARN_STRICT_PROTOTYPES = YES;
				CLANG_WARN_SUSPICIOUS_MOVE = YES;
				CLANG_WARN_UNGUARDED_AVAILABILITY = YES_AGGRESSIVE;
				CLANG_WARN_UNREACHABLE_CODE = YES;
				CLANG_WARN__DUPLICATE_METHOD_MATCH = YES;
				COPY_PHASE_STRIP = NO;
				DEBUG_INFORMATION_FORMAT = dwarf;
				ENABLE_STRICT_OBJC_MSGSEND = YES;
				ENABLE_TESTABILITY = YES;
				GCC_C_LANGUAGE_STANDARD = gnu11;
				GCC_DYNAMIC_NO_PIC = NO;
				GCC_NO_COMMON_BLOCKS = YES;
				GCC_OPTIMIZATION_LEVEL = 0;
				GCC_PREPROCESSOR_DEFINITIONS = (
					"DEBUG=1",
					"$(inherited)",
				);
				GCC_WARN_64_TO_32_BIT_CONVERSION = YES;
				GCC_WARN_ABOUT_RETURN_TYPE = YES_ERROR;
				GCC_WARN_UNDECLARED_SELECTOR = YES;
				GCC_WARN_UNINITIALIZED_AUTOS = YES_AGGRESSIVE;
				GCC_WARN_UNUSED_FUNCTION = YES;
				GCC_WARN_UNUSED_VARIABLE = YES;
				IPHONEOS_DEPLOYMENT_TARGET = 16.0;
				MTL_ENABLE_DEBUG_INFO = INCLUDE_SOURCE;
				MTL_FAST_MATH = YES;
				ONLY_ACTIVE_ARCH = YES;
				SDKROOT = iphoneos;
				SWIFT_ACTIVE_COMPILATION_CONDITIONS = DEBUG;
				SWIFT_OPTIMIZATION_LEVEL = "-Onone";
			};
			name = Debug;
		};
		8EDA166428FDC038009CFFC0 /* Release */ = {
			isa = XCBuildConfiguration;
			buildSettings = {
				ALWAYS_SEARCH_USER_PATHS = NO;
				CLANG_ANALYZER_NONNULL = YES;
				CLANG_ANALYZER_NUMBER_OBJECT_CONVERSION = YES_AGGRESSIVE;
				CLANG_CXX_LANGUAGE_STANDARD = "gnu++20";
				CLANG_ENABLE_MODULES = YES;
				CLANG_ENABLE_OBJC_ARC = YES;
				CLANG_ENABLE_OBJC_WEAK = YES;
				CLANG_WARN_BLOCK_CAPTURE_AUTORELEASING = YES;
				CLANG_WARN_BOOL_CONVERSION = YES;
				CLANG_WARN_COMMA = YES;
				CLANG_WARN_CONSTANT_CONVERSION = YES;
				CLANG_WARN_DEPRECATED_OBJC_IMPLEMENTATIONS = YES;
				CLANG_WARN_DIRECT_OBJC_ISA_USAGE = YES_ERROR;
				CLANG_WARN_DOCUMENTATION_COMMENTS = YES;
				CLANG_WARN_EMPTY_BODY = YES;
				CLANG_WARN_ENUM_CONVERSION = YES;
				CLANG_WARN_INFINITE_RECURSION = YES;
				CLANG_WARN_INT_CONVERSION = YES;
				CLANG_WARN_NON_LITERAL_NULL_CONVERSION = YES;
				CLANG_WARN_OBJC_IMPLICIT_RETAIN_SELF = YES;
				CLANG_WARN_OBJC_LITERAL_CONVERSION = YES;
				CLANG_WARN_OBJC_ROOT_CLASS = YES_ERROR;
				CLANG_WARN_QUOTED_INCLUDE_IN_FRAMEWORK_HEADER = YES;
				CLANG_WARN_RANGE_LOOP_ANALYSIS = YES;
				CLANG_WARN_STRICT_PROTOTYPES = YES;
				CLANG_WARN_SUSPICIOUS_MOVE = YES;
				CLANG_WARN_UNGUARDED_AVAILABILITY = YES_AGGRESSIVE;
				CLANG_WARN_UNREACHABLE_CODE = YES;
				CLANG_WARN__DUPLICATE_METHOD_MATCH = YES;
				COPY_PHASE_STRIP = NO;
				DEBUG_INFORMATION_FORMAT = "dwarf-with-dsym";
				ENABLE_NS_ASSERTIONS = NO;
				ENABLE_STRICT_OBJC_MSGSEND = YES;
				GCC_C_LANGUAGE_STANDARD = gnu11;
				GCC_NO_COMMON_BLOCKS = YES;
				GCC_WARN_64_TO_32_BIT_CONVERSION = YES;
				GCC_WARN_ABOUT_RETURN_TYPE = YES_ERROR;
				GCC_WARN_UNDECLARED_SELECTOR = YES;
				GCC_WARN_UNINITIALIZED_AUTOS = YES_AGGRESSIVE;
				GCC_WARN_UNUSED_FUNCTION = YES;
				GCC_WARN_UNUSED_VARIABLE = YES;
				IPHONEOS_DEPLOYMENT_TARGET = 16.0;
				MTL_ENABLE_DEBUG_INFO = NO;
				MTL_FAST_MATH = YES;
				SDKROOT = iphoneos;
				SWIFT_COMPILATION_MODE = wholemodule;
				SWIFT_OPTIMIZATION_LEVEL = "-O";
				VALIDATE_PRODUCT = YES;
			};
			name = Release;
		};
		8EDA166628FDC038009CFFC0 /* Debug */ = {
			isa = XCBuildConfiguration;
			buildSettings = {
				ASSETCATALOG_COMPILER_APPICON_NAME = AppIcon;
				ASSETCATALOG_COMPILER_GLOBAL_ACCENT_COLOR_NAME = AccentColor;
				CODE_SIGN_STYLE = Automatic;
				CURRENT_PROJECT_VERSION = 1;
				DEVELOPMENT_TEAM = 8V9373J59J;
				GENERATE_INFOPLIST_FILE = YES;
				INFOPLIST_FILE = Bankey/Info.plist;
				INFOPLIST_KEY_UIApplicationSupportsIndirectInputEvents = YES;
				INFOPLIST_KEY_UILaunchStoryboardName = LaunchScreen;
				INFOPLIST_KEY_UISupportedInterfaceOrientations_iPad = "UIInterfaceOrientationPortrait UIInterfaceOrientationPortraitUpsideDown UIInterfaceOrientationLandscapeLeft UIInterfaceOrientationLandscapeRight";
				INFOPLIST_KEY_UISupportedInterfaceOrientations_iPhone = "UIInterfaceOrientationPortrait UIInterfaceOrientationLandscapeLeft UIInterfaceOrientationLandscapeRight";
				LD_RUNPATH_SEARCH_PATHS = (
					"$(inherited)",
					"@executable_path/Frameworks",
				);
				MARKETING_VERSION = 1.0;
				PRODUCT_BUNDLE_IDENTIFIER = com.odl.Bankey;
				PRODUCT_NAME = "$(TARGET_NAME)";
				SWIFT_EMIT_LOC_STRINGS = YES;
				SWIFT_VERSION = 5.0;
				TARGETED_DEVICE_FAMILY = "1,2";
			};
			name = Debug;
		};
		8EDA166728FDC038009CFFC0 /* Release */ = {
			isa = XCBuildConfiguration;
			buildSettings = {
				ASSETCATALOG_COMPILER_APPICON_NAME = AppIcon;
				ASSETCATALOG_COMPILER_GLOBAL_ACCENT_COLOR_NAME = AccentColor;
				CODE_SIGN_STYLE = Automatic;
				CURRENT_PROJECT_VERSION = 1;
				DEVELOPMENT_TEAM = 8V9373J59J;
				GENERATE_INFOPLIST_FILE = YES;
				INFOPLIST_FILE = Bankey/Info.plist;
				INFOPLIST_KEY_UIApplicationSupportsIndirectInputEvents = YES;
				INFOPLIST_KEY_UILaunchStoryboardName = LaunchScreen;
				INFOPLIST_KEY_UISupportedInterfaceOrientations_iPad = "UIInterfaceOrientationPortrait UIInterfaceOrientationPortraitUpsideDown UIInterfaceOrientationLandscapeLeft UIInterfaceOrientationLandscapeRight";
				INFOPLIST_KEY_UISupportedInterfaceOrientations_iPhone = "UIInterfaceOrientationPortrait UIInterfaceOrientationLandscapeLeft UIInterfaceOrientationLandscapeRight";
				LD_RUNPATH_SEARCH_PATHS = (
					"$(inherited)",
					"@executable_path/Frameworks",
				);
				MARKETING_VERSION = 1.0;
				PRODUCT_BUNDLE_IDENTIFIER = com.odl.Bankey;
				PRODUCT_NAME = "$(TARGET_NAME)";
				SWIFT_EMIT_LOC_STRINGS = YES;
				SWIFT_VERSION = 5.0;
				TARGETED_DEVICE_FAMILY = "1,2";
			};
			name = Release;
		};
/* End XCBuildConfiguration section */

/* Begin XCConfigurationList section */
		8EB6909B291245C9000C6C4D /* Build configuration list for PBXNativeTarget "BankeyUnitTests" */ = {
			isa = XCConfigurationList;
			buildConfigurations = (
				8EB69099291245C9000C6C4D /* Debug */,
				8EB6909A291245C9000C6C4D /* Release */,
			);
			defaultConfigurationIsVisible = 0;
			defaultConfigurationName = Release;
		};
		8EDA164C28FDC037009CFFC0 /* Build configuration list for PBXProject "Bankey" */ = {
			isa = XCConfigurationList;
			buildConfigurations = (
				8EDA166328FDC038009CFFC0 /* Debug */,
				8EDA166428FDC038009CFFC0 /* Release */,
			);
			defaultConfigurationIsVisible = 0;
			defaultConfigurationName = Release;
		};
		8EDA166528FDC038009CFFC0 /* Build configuration list for PBXNativeTarget "Bankey" */ = {
			isa = XCConfigurationList;
			buildConfigurations = (
				8EDA166628FDC038009CFFC0 /* Debug */,
				8EDA166728FDC038009CFFC0 /* Release */,
			);
			defaultConfigurationIsVisible = 0;
			defaultConfigurationName = Release;
		};
/* End XCConfigurationList section */
	};
	rootObject = 8EDA164928FDC037009CFFC0 /* Project object */;
}
